// !$*UTF8*$!
{
	archiveVersion = 1;
	classes = {
	};
	objectVersion = 50;
	objects = {

/* Begin PBXBuildFile section */
		6D5DC265AFB82428F54B88F6 /* Pods_GhettogramTests.framework in Frameworks */ = {isa = PBXBuildFile; fileRef = C95D2FF4DBBD1F11084023CC /* Pods_GhettogramTests.framework */; };
		6E0CD7E03B9B8E81464121F5 /* Pods_GhettogramUITests.framework in Frameworks */ = {isa = PBXBuildFile; fileRef = A5273F109C66FE1D045C713D /* Pods_GhettogramUITests.framework */; };
		7217F2EB223214F00092D501 /* LoginViewController.swift in Sources */ = {isa = PBXBuildFile; fileRef = 7217F2EA223214F00092D501 /* LoginViewController.swift */; };
		7217F2ED223214FB0092D501 /* FeedViewController.swift in Sources */ = {isa = PBXBuildFile; fileRef = 7217F2EC223214FB0092D501 /* FeedViewController.swift */; };
		7217F2EF223225F60092D501 /* CameraViewController.swift in Sources */ = {isa = PBXBuildFile; fileRef = 7217F2EE223225F60092D501 /* CameraViewController.swift */; };
		7217F2F222322F420092D501 /* PostCell.swift in Sources */ = {isa = PBXBuildFile; fileRef = 7217F2F122322F420092D501 /* PostCell.swift */; };
		72DECFFA2232099700AEE438 /* AppDelegate.swift in Sources */ = {isa = PBXBuildFile; fileRef = 72DECFF92232099700AEE438 /* AppDelegate.swift */; };
		72DECFFF2232099700AEE438 /* Main.storyboard in Resources */ = {isa = PBXBuildFile; fileRef = 72DECFFD2232099700AEE438 /* Main.storyboard */; };
		72DED0012232099A00AEE438 /* Assets.xcassets in Resources */ = {isa = PBXBuildFile; fileRef = 72DED0002232099A00AEE438 /* Assets.xcassets */; };
		72DED0042232099A00AEE438 /* LaunchScreen.storyboard in Resources */ = {isa = PBXBuildFile; fileRef = 72DED0022232099A00AEE438 /* LaunchScreen.storyboard */; };
		72DED00F2232099B00AEE438 /* GhettogramTests.swift in Sources */ = {isa = PBXBuildFile; fileRef = 72DED00E2232099B00AEE438 /* GhettogramTests.swift */; };
		72DED01A2232099B00AEE438 /* GhettogramUITests.swift in Sources */ = {isa = PBXBuildFile; fileRef = 72DED0192232099B00AEE438 /* GhettogramUITests.swift */; };
		72FE27A322377C35007B903C /* CommentCell.swift in Sources */ = {isa = PBXBuildFile; fileRef = 72FE27A222377C35007B903C /* CommentCell.swift */; };
		D268A9A87598D0F6678B34D6 /* Pods_Ghettogram.framework in Frameworks */ = {isa = PBXBuildFile; fileRef = D5EE5B948F195AD595E0367A /* Pods_Ghettogram.framework */; };
/* End PBXBuildFile section */

/* Begin PBXContainerItemProxy section */
		72DED00B2232099B00AEE438 /* PBXContainerItemProxy */ = {
			isa = PBXContainerItemProxy;
			containerPortal = 72DECFEE2232099700AEE438 /* Project object */;
			proxyType = 1;
			remoteGlobalIDString = 72DECFF52232099700AEE438;
			remoteInfo = Ghettogram;
		};
		72DED0162232099B00AEE438 /* PBXContainerItemProxy */ = {
			isa = PBXContainerItemProxy;
			containerPortal = 72DECFEE2232099700AEE438 /* Project object */;
			proxyType = 1;
			remoteGlobalIDString = 72DECFF52232099700AEE438;
			remoteInfo = Ghettogram;
		};
/* End PBXContainerItemProxy section */

/* Begin PBXFileReference section */
		1BA6CD3AD9086EC368CF8D2C /* Pods-Ghettogram.release.xcconfig */ = {isa = PBXFileReference; includeInIndex = 1; lastKnownFileType = text.xcconfig; name = "Pods-Ghettogram.release.xcconfig"; path = "Pods/Target Support Files/Pods-Ghettogram/Pods-Ghettogram.release.xcconfig"; sourceTree = "<group>"; };
		2FA700BD29E45D5E19622467 /* Pods-Ghettogram.debug.xcconfig */ = {isa = PBXFileReference; includeInIndex = 1; lastKnownFileType = text.xcconfig; name = "Pods-Ghettogram.debug.xcconfig"; path = "Pods/Target Support Files/Pods-Ghettogram/Pods-Ghettogram.debug.xcconfig"; sourceTree = "<group>"; };
		35239D1A066AB87ED790D11F /* Pods-GhettogramTests.release.xcconfig */ = {isa = PBXFileReference; includeInIndex = 1; lastKnownFileType = text.xcconfig; name = "Pods-GhettogramTests.release.xcconfig"; path = "Pods/Target Support Files/Pods-GhettogramTests/Pods-GhettogramTests.release.xcconfig"; sourceTree = "<group>"; };
		4A83B39E8CA552CDB1AB7A46 /* Pods-GhettogramUITests.release.xcconfig */ = {isa = PBXFileReference; includeInIndex = 1; lastKnownFileType = text.xcconfig; name = "Pods-GhettogramUITests.release.xcconfig"; path = "Pods/Target Support Files/Pods-GhettogramUITests/Pods-GhettogramUITests.release.xcconfig"; sourceTree = "<group>"; };
		7217F2EA223214F00092D501 /* LoginViewController.swift */ = {isa = PBXFileReference; lastKnownFileType = sourcecode.swift; path = LoginViewController.swift; sourceTree = "<group>"; };
		7217F2EC223214FB0092D501 /* FeedViewController.swift */ = {isa = PBXFileReference; lastKnownFileType = sourcecode.swift; path = FeedViewController.swift; sourceTree = "<group>"; };
		7217F2EE223225F60092D501 /* CameraViewController.swift */ = {isa = PBXFileReference; lastKnownFileType = sourcecode.swift; path = CameraViewController.swift; sourceTree = "<group>"; };
		7217F2F122322F420092D501 /* PostCell.swift */ = {isa = PBXFileReference; lastKnownFileType = sourcecode.swift; path = PostCell.swift; sourceTree = "<group>"; };
		72DECFF62232099700AEE438 /* Ghettogram.app */ = {isa = PBXFileReference; explicitFileType = wrapper.application; includeInIndex = 0; path = Ghettogram.app; sourceTree = BUILT_PRODUCTS_DIR; };
		72DECFF92232099700AEE438 /* AppDelegate.swift */ = {isa = PBXFileReference; lastKnownFileType = sourcecode.swift; path = AppDelegate.swift; sourceTree = "<group>"; };
		72DECFFE2232099700AEE438 /* Base */ = {isa = PBXFileReference; lastKnownFileType = file.storyboard; name = Base; path = Base.lproj/Main.storyboard; sourceTree = "<group>"; };
		72DED0002232099A00AEE438 /* Assets.xcassets */ = {isa = PBXFileReference; lastKnownFileType = folder.assetcatalog; path = Assets.xcassets; sourceTree = "<group>"; };
		72DED0032232099A00AEE438 /* Base */ = {isa = PBXFileReference; lastKnownFileType = file.storyboard; name = Base; path = Base.lproj/LaunchScreen.storyboard; sourceTree = "<group>"; };
		72DED0052232099A00AEE438 /* Info.plist */ = {isa = PBXFileReference; lastKnownFileType = text.plist.xml; path = Info.plist; sourceTree = "<group>"; };
		72DED00A2232099B00AEE438 /* GhettogramTests.xctest */ = {isa = PBXFileReference; explicitFileType = wrapper.cfbundle; includeInIndex = 0; path = GhettogramTests.xctest; sourceTree = BUILT_PRODUCTS_DIR; };
		72DED00E2232099B00AEE438 /* GhettogramTests.swift */ = {isa = PBXFileReference; lastKnownFileType = sourcecode.swift; path = GhettogramTests.swift; sourceTree = "<group>"; };
		72DED0102232099B00AEE438 /* Info.plist */ = {isa = PBXFileReference; lastKnownFileType = text.plist.xml; path = Info.plist; sourceTree = "<group>"; };
		72DED0152232099B00AEE438 /* GhettogramUITests.xctest */ = {isa = PBXFileReference; explicitFileType = wrapper.cfbundle; includeInIndex = 0; path = GhettogramUITests.xctest; sourceTree = BUILT_PRODUCTS_DIR; };
		72DED0192232099B00AEE438 /* GhettogramUITests.swift */ = {isa = PBXFileReference; lastKnownFileType = sourcecode.swift; path = GhettogramUITests.swift; sourceTree = "<group>"; };
		72DED01B2232099B00AEE438 /* Info.plist */ = {isa = PBXFileReference; lastKnownFileType = text.plist.xml; path = Info.plist; sourceTree = "<group>"; };
		72FE27A222377C35007B903C /* CommentCell.swift */ = {isa = PBXFileReference; lastKnownFileType = sourcecode.swift; path = CommentCell.swift; sourceTree = "<group>"; };
		A5273F109C66FE1D045C713D /* Pods_GhettogramUITests.framework */ = {isa = PBXFileReference; explicitFileType = wrapper.framework; includeInIndex = 0; path = Pods_GhettogramUITests.framework; sourceTree = BUILT_PRODUCTS_DIR; };
		B175FF74D871960E10A88BAA /* Pods-GhettogramUITests.debug.xcconfig */ = {isa = PBXFileReference; includeInIndex = 1; lastKnownFileType = text.xcconfig; name = "Pods-GhettogramUITests.debug.xcconfig"; path = "Pods/Target Support Files/Pods-GhettogramUITests/Pods-GhettogramUITests.debug.xcconfig"; sourceTree = "<group>"; };
		C95D2FF4DBBD1F11084023CC /* Pods_GhettogramTests.framework */ = {isa = PBXFileReference; explicitFileType = wrapper.framework; includeInIndex = 0; path = Pods_GhettogramTests.framework; sourceTree = BUILT_PRODUCTS_DIR; };
		D5EE5B948F195AD595E0367A /* Pods_Ghettogram.framework */ = {isa = PBXFileReference; explicitFileType = wrapper.framework; includeInIndex = 0; path = Pods_Ghettogram.framework; sourceTree = BUILT_PRODUCTS_DIR; };
		DB9CAD38C8FBFDCEFB84C171 /* Pods-GhettogramTests.debug.xcconfig */ = {isa = PBXFileReference; includeInIndex = 1; lastKnownFileType = text.xcconfig; name = "Pods-GhettogramTests.debug.xcconfig"; path = "Pods/Target Support Files/Pods-GhettogramTests/Pods-GhettogramTests.debug.xcconfig"; sourceTree = "<group>"; };
/* End PBXFileReference section */

/* Begin PBXFrameworksBuildPhase section */
		72DECFF32232099700AEE438 /* Frameworks */ = {
			isa = PBXFrameworksBuildPhase;
			buildActionMask = 2147483647;
			files = (
				D268A9A87598D0F6678B34D6 /* Pods_Ghettogram.framework in Frameworks */,
			);
			runOnlyForDeploymentPostprocessing = 0;
		};
		72DED0072232099B00AEE438 /* Frameworks */ = {
			isa = PBXFrameworksBuildPhase;
			buildActionMask = 2147483647;
			files = (
				6D5DC265AFB82428F54B88F6 /* Pods_GhettogramTests.framework in Frameworks */,
			);
			runOnlyForDeploymentPostprocessing = 0;
		};
		72DED0122232099B00AEE438 /* Frameworks */ = {
			isa = PBXFrameworksBuildPhase;
			buildActionMask = 2147483647;
			files = (
				6E0CD7E03B9B8E81464121F5 /* Pods_GhettogramUITests.framework in Frameworks */,
			);
			runOnlyForDeploymentPostprocessing = 0;
		};
/* End PBXFrameworksBuildPhase section */

/* Begin PBXGroup section */
		4E4645F5F20EE5F1091E8905 /* Pods */ = {
			isa = PBXGroup;
			children = (
				2FA700BD29E45D5E19622467 /* Pods-Ghettogram.debug.xcconfig */,
				1BA6CD3AD9086EC368CF8D2C /* Pods-Ghettogram.release.xcconfig */,
				DB9CAD38C8FBFDCEFB84C171 /* Pods-GhettogramTests.debug.xcconfig */,
				35239D1A066AB87ED790D11F /* Pods-GhettogramTests.release.xcconfig */,
				B175FF74D871960E10A88BAA /* Pods-GhettogramUITests.debug.xcconfig */,
				4A83B39E8CA552CDB1AB7A46 /* Pods-GhettogramUITests.release.xcconfig */,
			);
			name = Pods;
			sourceTree = "<group>";
		};
		7217F2F022322F2C0092D501 /* Cells */ = {
			isa = PBXGroup;
			children = (
				7217F2F122322F420092D501 /* PostCell.swift */,
				72FE27A222377C35007B903C /* CommentCell.swift */,
			);
			path = Cells;
			sourceTree = "<group>";
		};
		72DECFED2232099700AEE438 = {
			isa = PBXGroup;
			children = (
				72DECFF82232099700AEE438 /* Ghettogram */,
				72DED00D2232099B00AEE438 /* GhettogramTests */,
				72DED0182232099B00AEE438 /* GhettogramUITests */,
				72DECFF72232099700AEE438 /* Products */,
				4E4645F5F20EE5F1091E8905 /* Pods */,
				9B88FD7E78F2F3CF0B876B6B /* Frameworks */,
			);
			sourceTree = "<group>";
		};
		72DECFF72232099700AEE438 /* Products */ = {
			isa = PBXGroup;
			children = (
				72DECFF62232099700AEE438 /* Ghettogram.app */,
				72DED00A2232099B00AEE438 /* GhettogramTests.xctest */,
				72DED0152232099B00AEE438 /* GhettogramUITests.xctest */,
			);
			name = Products;
			sourceTree = "<group>";
		};
		72DECFF82232099700AEE438 /* Ghettogram */ = {
			isa = PBXGroup;
			children = (
				7217F2F022322F2C0092D501 /* Cells */,
				72F10E0E22320BB40023A176 /* Storyboards */,
				72F10E0D22320BA50023A176 /* View Controllers */,
				72DECFF92232099700AEE438 /* AppDelegate.swift */,
				72DED0002232099A00AEE438 /* Assets.xcassets */,
				72DED0052232099A00AEE438 /* Info.plist */,
			);
			path = Ghettogram;
			sourceTree = "<group>";
		};
		72DED00D2232099B00AEE438 /* GhettogramTests */ = {
			isa = PBXGroup;
			children = (
				72DED00E2232099B00AEE438 /* GhettogramTests.swift */,
				72DED0102232099B00AEE438 /* Info.plist */,
			);
			path = GhettogramTests;
			sourceTree = "<group>";
		};
		72DED0182232099B00AEE438 /* GhettogramUITests */ = {
			isa = PBXGroup;
			children = (
				72DED0192232099B00AEE438 /* GhettogramUITests.swift */,
				72DED01B2232099B00AEE438 /* Info.plist */,
			);
			path = GhettogramUITests;
			sourceTree = "<group>";
		};
		72F10E0D22320BA50023A176 /* View Controllers */ = {
			isa = PBXGroup;
			children = (
				7217F2EA223214F00092D501 /* LoginViewController.swift */,
				7217F2EC223214FB0092D501 /* FeedViewController.swift */,
				7217F2EE223225F60092D501 /* CameraViewController.swift */,
			);
			path = "View Controllers";
			sourceTree = "<group>";
		};
		72F10E0E22320BB40023A176 /* Storyboards */ = {
			isa = PBXGroup;
			children = (
				72DECFFD2232099700AEE438 /* Main.storyboard */,
				72DED0022232099A00AEE438 /* LaunchScreen.storyboard */,
			);
			path = Storyboards;
			sourceTree = "<group>";
		};
		9B88FD7E78F2F3CF0B876B6B /* Frameworks */ = {
			isa = PBXGroup;
			children = (
				D5EE5B948F195AD595E0367A /* Pods_Ghettogram.framework */,
				C95D2FF4DBBD1F11084023CC /* Pods_GhettogramTests.framework */,
				A5273F109C66FE1D045C713D /* Pods_GhettogramUITests.framework */,
			);
			name = Frameworks;
			sourceTree = "<group>";
		};
/* End PBXGroup section */

/* Begin PBXNativeTarget section */
		72DECFF52232099700AEE438 /* Ghettogram */ = {
			isa = PBXNativeTarget;
			buildConfigurationList = 72DED01E2232099B00AEE438 /* Build configuration list for PBXNativeTarget "Ghettogram" */;
			buildPhases = (
				73C9BDBADBF22D1153A9F25C /* [CP] Check Pods Manifest.lock */,
				72DECFF22232099700AEE438 /* Sources */,
				72DECFF32232099700AEE438 /* Frameworks */,
				72DECFF42232099700AEE438 /* Resources */,
				15C72E1E146FBC58AB898B84 /* [CP] Embed Pods Frameworks */,
			);
			buildRules = (
			);
			dependencies = (
			);
			name = Ghettogram;
			productName = Ghettogram;
			productReference = 72DECFF62232099700AEE438 /* Ghettogram.app */;
			productType = "com.apple.product-type.application";
		};
		72DED0092232099B00AEE438 /* GhettogramTests */ = {
			isa = PBXNativeTarget;
			buildConfigurationList = 72DED0212232099B00AEE438 /* Build configuration list for PBXNativeTarget "GhettogramTests" */;
			buildPhases = (
				169412711E12756E3A019EC5 /* [CP] Check Pods Manifest.lock */,
				72DED0062232099B00AEE438 /* Sources */,
				72DED0072232099B00AEE438 /* Frameworks */,
				72DED0082232099B00AEE438 /* Resources */,
			);
			buildRules = (
			);
			dependencies = (
				72DED00C2232099B00AEE438 /* PBXTargetDependency */,
			);
			name = GhettogramTests;
			productName = GhettogramTests;
			productReference = 72DED00A2232099B00AEE438 /* GhettogramTests.xctest */;
			productType = "com.apple.product-type.bundle.unit-test";
		};
		72DED0142232099B00AEE438 /* GhettogramUITests */ = {
			isa = PBXNativeTarget;
			buildConfigurationList = 72DED0242232099B00AEE438 /* Build configuration list for PBXNativeTarget "GhettogramUITests" */;
			buildPhases = (
				9206B5A53F2C51ABD1EA3412 /* [CP] Check Pods Manifest.lock */,
				72DED0112232099B00AEE438 /* Sources */,
				72DED0122232099B00AEE438 /* Frameworks */,
				72DED0132232099B00AEE438 /* Resources */,
			);
			buildRules = (
			);
			dependencies = (
				72DED0172232099B00AEE438 /* PBXTargetDependency */,
			);
			name = GhettogramUITests;
			productName = GhettogramUITests;
			productReference = 72DED0152232099B00AEE438 /* GhettogramUITests.xctest */;
			productType = "com.apple.product-type.bundle.ui-testing";
		};
/* End PBXNativeTarget section */

/* Begin PBXProject section */
		72DECFEE2232099700AEE438 /* Project object */ = {
			isa = PBXProject;
			attributes = {
				LastSwiftUpdateCheck = 1010;
				LastUpgradeCheck = 1010;
				ORGANIZATIONNAME = "Philip Yu";
				TargetAttributes = {
					72DECFF52232099700AEE438 = {
						CreatedOnToolsVersion = 10.1;
					};
					72DED0092232099B00AEE438 = {
						CreatedOnToolsVersion = 10.1;
						TestTargetID = 72DECFF52232099700AEE438;
					};
					72DED0142232099B00AEE438 = {
						CreatedOnToolsVersion = 10.1;
						TestTargetID = 72DECFF52232099700AEE438;
					};
				};
			};
			buildConfigurationList = 72DECFF12232099700AEE438 /* Build configuration list for PBXProject "Ghettogram" */;
			compatibilityVersion = "Xcode 9.3";
			developmentRegion = en;
			hasScannedForEncodings = 0;
			knownRegions = (
				en,
				Base,
			);
			mainGroup = 72DECFED2232099700AEE438;
			productRefGroup = 72DECFF72232099700AEE438 /* Products */;
			projectDirPath = "";
			projectRoot = "";
			targets = (
				72DECFF52232099700AEE438 /* Ghettogram */,
				72DED0092232099B00AEE438 /* GhettogramTests */,
				72DED0142232099B00AEE438 /* GhettogramUITests */,
			);
		};
/* End PBXProject section */

/* Begin PBXResourcesBuildPhase section */
		72DECFF42232099700AEE438 /* Resources */ = {
			isa = PBXResourcesBuildPhase;
			buildActionMask = 2147483647;
			files = (
				72DED0042232099A00AEE438 /* LaunchScreen.storyboard in Resources */,
				72DED0012232099A00AEE438 /* Assets.xcassets in Resources */,
				72DECFFF2232099700AEE438 /* Main.storyboard in Resources */,
			);
			runOnlyForDeploymentPostprocessing = 0;
		};
		72DED0082232099B00AEE438 /* Resources */ = {
			isa = PBXResourcesBuildPhase;
			buildActionMask = 2147483647;
			files = (
			);
			runOnlyForDeploymentPostprocessing = 0;
		};
		72DED0132232099B00AEE438 /* Resources */ = {
			isa = PBXResourcesBuildPhase;
			buildActionMask = 2147483647;
			files = (
			);
			runOnlyForDeploymentPostprocessing = 0;
		};
/* End PBXResourcesBuildPhase section */

/* Begin PBXShellScriptBuildPhase section */
		15C72E1E146FBC58AB898B84 /* [CP] Embed Pods Frameworks */ = {
			isa = PBXShellScriptBuildPhase;
			buildActionMask = 2147483647;
			files = (
			);
			inputFileListPaths = (
			);
			inputPaths = (
				"${SRCROOT}/Pods/Target Support Files/Pods-Ghettogram/Pods-Ghettogram-frameworks.sh",
				"${BUILT_PRODUCTS_DIR}/Alamofire/Alamofire.framework",
				"${BUILT_PRODUCTS_DIR}/AlamofireImage/AlamofireImage.framework",
				"${BUILT_PRODUCTS_DIR}/Bolts/Bolts.framework",
				"${BUILT_PRODUCTS_DIR}/MessageInputBar/MessageInputBar.framework",
				"${BUILT_PRODUCTS_DIR}/Parse/Parse.framework",
			);
			name = "[CP] Embed Pods Frameworks";
			outputFileListPaths = (
			);
			outputPaths = (
				"${TARGET_BUILD_DIR}/${FRAMEWORKS_FOLDER_PATH}/Alamofire.framework",
				"${TARGET_BUILD_DIR}/${FRAMEWORKS_FOLDER_PATH}/AlamofireImage.framework",
				"${TARGET_BUILD_DIR}/${FRAMEWORKS_FOLDER_PATH}/Bolts.framework",
				"${TARGET_BUILD_DIR}/${FRAMEWORKS_FOLDER_PATH}/MessageInputBar.framework",
				"${TARGET_BUILD_DIR}/${FRAMEWORKS_FOLDER_PATH}/Parse.framework",
			);
			runOnlyForDeploymentPostprocessing = 0;
			shellPath = /bin/sh;
			shellScript = "\"${SRCROOT}/Pods/Target Support Files/Pods-Ghettogram/Pods-Ghettogram-frameworks.sh\"\n";
			showEnvVarsInLog = 0;
		};
		169412711E12756E3A019EC5 /* [CP] Check Pods Manifest.lock */ = {
			isa = PBXShellScriptBuildPhase;
			buildActionMask = 2147483647;
			files = (
			);
			inputFileListPaths = (
			);
			inputPaths = (
				"${PODS_PODFILE_DIR_PATH}/Podfile.lock",
				"${PODS_ROOT}/Manifest.lock",
			);
			name = "[CP] Check Pods Manifest.lock";
			outputFileListPaths = (
			);
			outputPaths = (
				"$(DERIVED_FILE_DIR)/Pods-GhettogramTests-checkManifestLockResult.txt",
			);
			runOnlyForDeploymentPostprocessing = 0;
			shellPath = /bin/sh;
			shellScript = "diff \"${PODS_PODFILE_DIR_PATH}/Podfile.lock\" \"${PODS_ROOT}/Manifest.lock\" > /dev/null\nif [ $? != 0 ] ; then\n    # print error to STDERR\n    echo \"error: The sandbox is not in sync with the Podfile.lock. Run 'pod install' or update your CocoaPods installation.\" >&2\n    exit 1\nfi\n# This output is used by Xcode 'outputs' to avoid re-running this script phase.\necho \"SUCCESS\" > \"${SCRIPT_OUTPUT_FILE_0}\"\n";
			showEnvVarsInLog = 0;
		};
		73C9BDBADBF22D1153A9F25C /* [CP] Check Pods Manifest.lock */ = {
			isa = PBXShellScriptBuildPhase;
			buildActionMask = 2147483647;
			files = (
			);
			inputFileListPaths = (
			);
			inputPaths = (
				"${PODS_PODFILE_DIR_PATH}/Podfile.lock",
				"${PODS_ROOT}/Manifest.lock",
			);
			name = "[CP] Check Pods Manifest.lock";
			outputFileListPaths = (
			);
			outputPaths = (
				"$(DERIVED_FILE_DIR)/Pods-Ghettogram-checkManifestLockResult.txt",
			);
			runOnlyForDeploymentPostprocessing = 0;
			shellPath = /bin/sh;
			shellScript = "diff \"${PODS_PODFILE_DIR_PATH}/Podfile.lock\" \"${PODS_ROOT}/Manifest.lock\" > /dev/null\nif [ $? != 0 ] ; then\n    # print error to STDERR\n    echo \"error: The sandbox is not in sync with the Podfile.lock. Run 'pod install' or update your CocoaPods installation.\" >&2\n    exit 1\nfi\n# This output is used by Xcode 'outputs' to avoid re-running this script phase.\necho \"SUCCESS\" > \"${SCRIPT_OUTPUT_FILE_0}\"\n";
			showEnvVarsInLog = 0;
		};
		9206B5A53F2C51ABD1EA3412 /* [CP] Check Pods Manifest.lock */ = {
			isa = PBXShellScriptBuildPhase;
			buildActionMask = 2147483647;
			files = (
			);
			inputFileListPaths = (
			);
			inputPaths = (
				"${PODS_PODFILE_DIR_PATH}/Podfile.lock",
				"${PODS_ROOT}/Manifest.lock",
			);
			name = "[CP] Check Pods Manifest.lock";
			outputFileListPaths = (
			);
			outputPaths = (
				"$(DERIVED_FILE_DIR)/Pods-GhettogramUITests-checkManifestLockResult.txt",
			);
			runOnlyForDeploymentPostprocessing = 0;
			shellPath = /bin/sh;
			shellScript = "diff \"${PODS_PODFILE_DIR_PATH}/Podfile.lock\" \"${PODS_ROOT}/Manifest.lock\" > /dev/null\nif [ $? != 0 ] ; then\n    # print error to STDERR\n    echo \"error: The sandbox is not in sync with the Podfile.lock. Run 'pod install' or update your CocoaPods installation.\" >&2\n    exit 1\nfi\n# This output is used by Xcode 'outputs' to avoid re-running this script phase.\necho \"SUCCESS\" > \"${SCRIPT_OUTPUT_FILE_0}\"\n";
			showEnvVarsInLog = 0;
		};
/* End PBXShellScriptBuildPhase section */

/* Begin PBXSourcesBuildPhase section */
		72DECFF22232099700AEE438 /* Sources */ = {
			isa = PBXSourcesBuildPhase;
			buildActionMask = 2147483647;
			files = (
				7217F2EB223214F00092D501 /* LoginViewController.swift in Sources */,
				7217F2EF223225F60092D501 /* CameraViewController.swift in Sources */,
				7217F2ED223214FB0092D501 /* FeedViewController.swift in Sources */,
				72DECFFA2232099700AEE438 /* AppDelegate.swift in Sources */,
				7217F2F222322F420092D501 /* PostCell.swift in Sources */,
				72FE27A322377C35007B903C /* CommentCell.swift in Sources */,
			);
			runOnlyForDeploymentPostprocessing = 0;
		};
		72DED0062232099B00AEE438 /* Sources */ = {
			isa = PBXSourcesBuildPhase;
			buildActionMask = 2147483647;
			files = (
				72DED00F2232099B00AEE438 /* GhettogramTests.swift in Sources */,
			);
			runOnlyForDeploymentPostprocessing = 0;
		};
		72DED0112232099B00AEE438 /* Sources */ = {
			isa = PBXSourcesBuildPhase;
			buildActionMask = 2147483647;
			files = (
				72DED01A2232099B00AEE438 /* GhettogramUITests.swift in Sources */,
			);
			runOnlyForDeploymentPostprocessing = 0;
		};
/* End PBXSourcesBuildPhase section */

/* Begin PBXTargetDependency section */
		72DED00C2232099B00AEE438 /* PBXTargetDependency */ = {
			isa = PBXTargetDependency;
			target = 72DECFF52232099700AEE438 /* Ghettogram */;
			targetProxy = 72DED00B2232099B00AEE438 /* PBXContainerItemProxy */;
		};
		72DED0172232099B00AEE438 /* PBXTargetDependency */ = {
			isa = PBXTargetDependency;
			target = 72DECFF52232099700AEE438 /* Ghettogram */;
			targetProxy = 72DED0162232099B00AEE438 /* PBXContainerItemProxy */;
		};
/* End PBXTargetDependency section */

/* Begin PBXVariantGroup section */
		72DECFFD2232099700AEE438 /* Main.storyboard */ = {
			isa = PBXVariantGroup;
			children = (
				72DECFFE2232099700AEE438 /* Base */,
			);
			name = Main.storyboard;
			sourceTree = "<group>";
		};
		72DED0022232099A00AEE438 /* LaunchScreen.storyboard */ = {
			isa = PBXVariantGroup;
			children = (
				72DED0032232099A00AEE438 /* Base */,
			);
			name = LaunchScreen.storyboard;
			sourceTree = "<group>";
		};
/* End PBXVariantGroup section */

/* Begin XCBuildConfiguration section */
		72DED01C2232099B00AEE438 /* Debug */ = {
			isa = XCBuildConfiguration;
			buildSettings = {
				ALWAYS_SEARCH_USER_PATHS = NO;
				CLANG_ANALYZER_NONNULL = YES;
				CLANG_ANALYZER_NUMBER_OBJECT_CONVERSION = YES_AGGRESSIVE;
				CLANG_CXX_LANGUAGE_STANDARD = "gnu++14";
				CLANG_CXX_LIBRARY = "libc++";
				CLANG_ENABLE_MODULES = YES;
				CLANG_ENABLE_OBJC_ARC = YES;
				CLANG_ENABLE_OBJC_WEAK = YES;
				CLANG_WARN_BLOCK_CAPTURE_AUTORELEASING = YES;
				CLANG_WARN_BOOL_CONVERSION = YES;
				CLANG_WARN_COMMA = YES;
				CLANG_WARN_CONSTANT_CONVERSION = YES;
				CLANG_WARN_DEPRECATED_OBJC_IMPLEMENTATIONS = YES;
				CLANG_WARN_DIRECT_OBJC_ISA_USAGE = YES_ERROR;
				CLANG_WARN_DOCUMENTATION_COMMENTS = YES;
				CLANG_WARN_EMPTY_BODY = YES;
				CLANG_WARN_ENUM_CONVERSION = YES;
				CLANG_WARN_INFINITE_RECURSION = YES;
				CLANG_WARN_INT_CONVERSION = YES;
				CLANG_WARN_NON_LITERAL_NULL_CONVERSION = YES;
				CLANG_WARN_OBJC_IMPLICIT_RETAIN_SELF = YES;
				CLANG_WARN_OBJC_LITERAL_CONVERSION = YES;
				CLANG_WARN_OBJC_ROOT_CLASS = YES_ERROR;
				CLANG_WARN_RANGE_LOOP_ANALYSIS = YES;
				CLANG_WARN_STRICT_PROTOTYPES = YES;
				CLANG_WARN_SUSPICIOUS_MOVE = YES;
				CLANG_WARN_UNGUARDED_AVAILABILITY = YES_AGGRESSIVE;
				CLANG_WARN_UNREACHABLE_CODE = YES;
				CLANG_WARN__DUPLICATE_METHOD_MATCH = YES;
				CODE_SIGN_IDENTITY = "iPhone Developer";
				COPY_PHASE_STRIP = NO;
				DEBUG_INFORMATION_FORMAT = dwarf;
				ENABLE_STRICT_OBJC_MSGSEND = YES;
				ENABLE_TESTABILITY = YES;
				GCC_C_LANGUAGE_STANDARD = gnu11;
				GCC_DYNAMIC_NO_PIC = NO;
				GCC_NO_COMMON_BLOCKS = YES;
				GCC_OPTIMIZATION_LEVEL = 0;
				GCC_PREPROCESSOR_DEFINITIONS = (
					"DEBUG=1",
					"$(inherited)",
				);
				GCC_WARN_64_TO_32_BIT_CONVERSION = YES;
				GCC_WARN_ABOUT_RETURN_TYPE = YES_ERROR;
				GCC_WARN_UNDECLARED_SELECTOR = YES;
				GCC_WARN_UNINITIALIZED_AUTOS = YES_AGGRESSIVE;
				GCC_WARN_UNUSED_FUNCTION = YES;
				GCC_WARN_UNUSED_VARIABLE = YES;
				IPHONEOS_DEPLOYMENT_TARGET = 12.1;
				MTL_ENABLE_DEBUG_INFO = INCLUDE_SOURCE;
				MTL_FAST_MATH = YES;
				ONLY_ACTIVE_ARCH = YES;
				SDKROOT = iphoneos;
				SWIFT_ACTIVE_COMPILATION_CONDITIONS = DEBUG;
				SWIFT_OPTIMIZATION_LEVEL = "-Onone";
			};
			name = Debug;
		};
		72DED01D2232099B00AEE438 /* Release */ = {
			isa = XCBuildConfiguration;
			buildSettings = {
				ALWAYS_SEARCH_USER_PATHS = NO;
				CLANG_ANALYZER_NONNULL = YES;
				CLANG_ANALYZER_NUMBER_OBJECT_CONVERSION = YES_AGGRESSIVE;
				CLANG_CXX_LANGUAGE_STANDARD = "gnu++14";
				CLANG_CXX_LIBRARY = "libc++";
				CLANG_ENABLE_MODULES = YES;
				CLANG_ENABLE_OBJC_ARC = YES;
				CLANG_ENABLE_OBJC_WEAK = YES;
				CLANG_WARN_BLOCK_CAPTURE_AUTORELEASING = YES;
				CLANG_WARN_BOOL_CONVERSION = YES;
				CLANG_WARN_COMMA = YES;
				CLANG_WARN_CONSTANT_CONVERSION = YES;
				CLANG_WARN_DEPRECATED_OBJC_IMPLEMENTATIONS = YES;
				CLANG_WARN_DIRECT_OBJC_ISA_USAGE = YES_ERROR;
				CLANG_WARN_DOCUMENTATION_COMMENTS = YES;
				CLANG_WARN_EMPTY_BODY = YES;
				CLANG_WARN_ENUM_CONVERSION = YES;
				CLANG_WARN_INFINITE_RECURSION = YES;
				CLANG_WARN_INT_CONVERSION = YES;
				CLANG_WARN_NON_LITERAL_NULL_CONVERSION = YES;
				CLANG_WARN_OBJC_IMPLICIT_RETAIN_SELF = YES;
				CLANG_WARN_OBJC_LITERAL_CONVERSION = YES;
				CLANG_WARN_OBJC_ROOT_CLASS = YES_ERROR;
				CLANG_WARN_RANGE_LOOP_ANALYSIS = YES;
				CLANG_WARN_STRICT_PROTOTYPES = YES;
				CLANG_WARN_SUSPICIOUS_MOVE = YES;
				CLANG_WARN_UNGUARDED_AVAILABILITY = YES_AGGRESSIVE;
				CLANG_WARN_UNREACHABLE_CODE = YES;
				CLANG_WARN__DUPLICATE_METHOD_MATCH = YES;
				CODE_SIGN_IDENTITY = "iPhone Developer";
				COPY_PHASE_STRIP = NO;
				DEBUG_INFORMATION_FORMAT = "dwarf-with-dsym";
				ENABLE_NS_ASSERTIONS = NO;
				ENABLE_STRICT_OBJC_MSGSEND = YES;
				GCC_C_LANGUAGE_STANDARD = gnu11;
				GCC_NO_COMMON_BLOCKS = YES;
				GCC_WARN_64_TO_32_BIT_CONVERSION = YES;
				GCC_WARN_ABOUT_RETURN_TYPE = YES_ERROR;
				GCC_WARN_UNDECLARED_SELECTOR = YES;
				GCC_WARN_UNINITIALIZED_AUTOS = YES_AGGRESSIVE;
				GCC_WARN_UNUSED_FUNCTION = YES;
				GCC_WARN_UNUSED_VARIABLE = YES;
				IPHONEOS_DEPLOYMENT_TARGET = 12.1;
				MTL_ENABLE_DEBUG_INFO = NO;
				MTL_FAST_MATH = YES;
				SDKROOT = iphoneos;
				SWIFT_COMPILATION_MODE = wholemodule;
				SWIFT_OPTIMIZATION_LEVEL = "-O";
				VALIDATE_PRODUCT = YES;
			};
			name = Release;
		};
		72DED01F2232099B00AEE438 /* Debug */ = {
			isa = XCBuildConfiguration;
			baseConfigurationReference = 2FA700BD29E45D5E19622467 /* Pods-Ghettogram.debug.xcconfig */;
			buildSettings = {
				ASSETCATALOG_COMPILER_APPICON_NAME = AppIcon;
				CODE_SIGN_STYLE = Automatic;
				DEVELOPMENT_TEAM = 8E7FB8SA95;
				INFOPLIST_FILE = Ghettogram/Info.plist;
				LD_RUNPATH_SEARCH_PATHS = (
					"$(inherited)",
					"@executable_path/Frameworks",
				);
				PRODUCT_BUNDLE_IDENTIFIER = "Philip-Yu.Ghettogram";
				PRODUCT_NAME = "$(TARGET_NAME)";
				SWIFT_VERSION = 4.2;
				TARGETED_DEVICE_FAMILY = "1,2";
			};
			name = Debug;
		};
		72DED0202232099B00AEE438 /* Release */ = {
			isa = XCBuildConfiguration;
			baseConfigurationReference = 1BA6CD3AD9086EC368CF8D2C /* Pods-Ghettogram.release.xcconfig */;
			buildSettings = {
				ASSETCATALOG_COMPILER_APPICON_NAME = AppIcon;
				CODE_SIGN_STYLE = Automatic;
				DEVELOPMENT_TEAM = 8E7FB8SA95;
				INFOPLIST_FILE = Ghettogram/Info.plist;
				LD_RUNPATH_SEARCH_PATHS = (
					"$(inherited)",
					"@executable_path/Frameworks",
				);
				PRODUCT_BUNDLE_IDENTIFIER = "Philip-Yu.Ghettogram";
				PRODUCT_NAME = "$(TARGET_NAME)";
				SWIFT_VERSION = 4.2;
				TARGETED_DEVICE_FAMILY = "1,2";
			};
			name = Release;
		};
		72DED0222232099B00AEE438 /* Debug */ = {
			isa = XCBuildConfiguration;
			baseConfigurationReference = DB9CAD38C8FBFDCEFB84C171 /* Pods-GhettogramTests.debug.xcconfig */;
			buildSettings = {
				ALWAYS_EMBED_SWIFT_STANDARD_LIBRARIES = YES;
				BUNDLE_LOADER = "$(TEST_HOST)";
				CODE_SIGN_STYLE = Automatic;
				DEVELOPMENT_TEAM = 8E7FB8SA95;
				INFOPLIST_FILE = GhettogramTests/Info.plist;
				LD_RUNPATH_SEARCH_PATHS = (
					"$(inherited)",
					"@executable_path/Frameworks",
					"@loader_path/Frameworks",
				);
				PRODUCT_BUNDLE_IDENTIFIER = "Philip-Yu.GhettogramTests";
				PRODUCT_NAME = "$(TARGET_NAME)";
				SWIFT_VERSION = 4.2;
				TARGETED_DEVICE_FAMILY = "1,2";
				TEST_HOST = "$(BUILT_PRODUCTS_DIR)/Ghettogram.app/Ghettogram";
			};
			name = Debug;
		};
		72DED0232232099B00AEE438 /* Release */ = {
			isa = XCBuildConfiguration;
			baseConfigurationReference = 35239D1A066AB87ED790D11F /* Pods-GhettogramTests.release.xcconfig */;
			buildSettings = {
				ALWAYS_EMBED_SWIFT_STANDARD_LIBRARIES = YES;
				BUNDLE_LOADER = "$(TEST_HOST)";
				CODE_SIGN_STYLE = Automatic;
				DEVELOPMENT_TEAM = 8E7FB8SA95;
				INFOPLIST_FILE = GhettogramTests/Info.plist;
				LD_RUNPATH_SEARCH_PATHS = (
					"$(inherited)",
					"@executable_path/Frameworks",
					"@loader_path/Frameworks",
				);
				PRODUCT_BUNDLE_IDENTIFIER = "Philip-Yu.GhettogramTests";
				PRODUCT_NAME = "$(TARGET_NAME)";
				SWIFT_VERSION = 4.2;
				TARGETED_DEVICE_FAMILY = "1,2";
				TEST_HOST = "$(BUILT_PRODUCTS_DIR)/Ghettogram.app/Ghettogram";
			};
			name = Release;
		};
		72DED0252232099B00AEE438 /* Debug */ = {
			isa = XCBuildConfiguration;
			baseConfigurationReference = B175FF74D871960E10A88BAA /* Pods-GhettogramUITests.debug.xcconfig */;
			buildSettings = {
				ALWAYS_EMBED_SWIFT_STANDARD_LIBRARIES = YES;
				CODE_SIGN_STYLE = Automatic;
				DEVELOPMENT_TEAM = 8E7FB8SA95;
				INFOPLIST_FILE = GhettogramUITests/Info.plist;
				LD_RUNPATH_SEARCH_PATHS = (
					"$(inherited)",
					"@executable_path/Frameworks",
					"@loader_path/Frameworks",
				);
				PRODUCT_BUNDLE_IDENTIFIER = "Philip-Yu.GhettogramUITests";
				PRODUCT_NAME = "$(TARGET_NAME)";
				SWIFT_VERSION = 4.2;
				TARGETED_DEVICE_FAMILY = "1,2";
				TEST_TARGET_NAME = Ghettogram;
			};
			name = Debug;
		};
		72DED0262232099B00AEE438 /* Release */ = {
			isa = XCBuildConfiguration;
			baseConfigurationReference = 4A83B39E8CA552CDB1AB7A46 /* Pods-GhettogramUITests.release.xcconfig */;
			buildSettings = {
				ALWAYS_EMBED_SWIFT_STANDARD_LIBRARIES = YES;
				CODE_SIGN_STYLE = Automatic;
				DEVELOPMENT_TEAM = 8E7FB8SA95;
				INFOPLIST_FILE = GhettogramUITests/Info.plist;
				LD_RUNPATH_SEARCH_PATHS = (
					"$(inherited)",
					"@executable_path/Frameworks",
					"@loader_path/Frameworks",
				);
				PRODUCT_BUNDLE_IDENTIFIER = "Philip-Yu.GhettogramUITests";
				PRODUCT_NAME = "$(TARGET_NAME)";
				SWIFT_VERSION = 4.2;
				TARGETED_DEVICE_FAMILY = "1,2";
				TEST_TARGET_NAME = Ghettogram;
			};
			name = Release;
		};
/* End XCBuildConfiguration section */

/* Begin XCConfigurationList section */
		72DECFF12232099700AEE438 /* Build configuration list for PBXProject "Ghettogram" */ = {
			isa = XCConfigurationList;
			buildConfigurations = (
				72DED01C2232099B00AEE438 /* Debug */,
				72DED01D2232099B00AEE438 /* Release */,
			);
			defaultConfigurationIsVisible = 0;
			defaultConfigurationName = Release;
		};
		72DED01E2232099B00AEE438 /* Build configuration list for PBXNativeTarget "Ghettogram" */ = {
			isa = XCConfigurationList;
			buildConfigurations = (
				72DED01F2232099B00AEE438 /* Debug */,
				72DED0202232099B00AEE438 /* Release */,
			);
			defaultConfigurationIsVisible = 0;
			defaultConfigurationName = Release;
		};
		72DED0212232099B00AEE438 /* Build configuration list for PBXNativeTarget "GhettogramTests" */ = {
			isa = XCConfigurationList;
			buildConfigurations = (
				72DED0222232099B00AEE438 /* Debug */,
				72DED0232232099B00AEE438 /* Release */,
			);
			defaultConfigurationIsVisible = 0;
			defaultConfigurationName = Release;
		};
		72DED0242232099B00AEE438 /* Build configuration list for PBXNativeTarget "GhettogramUITests" */ = {
			isa = XCConfigurationList;
			buildConfigurations = (
				72DED0252232099B00AEE438 /* Debug */,
				72DED0262232099B00AEE438 /* Release */,
			);
			defaultConfigurationIsVisible = 0;
			defaultConfigurationName = Release;
		};
/* End XCConfigurationList section */
	};
	rootObject = 72DECFEE2232099700AEE438 /* Project object */;
}
